
Microsoft Visual Studio Solution File, Format Version 12.00
# Visual Studio Version 16
VisualStudioVersion = 16.0.30717.126
MinimumVisualStudioVersion = 10.0.40219.1
Project("{8BC9CEB8-8B4A-11D0-8D11-00A0C91BC942}") = "simeano", "simeano.vcxproj", "{D4F83CA0-998D-4883-A936-37CC9EE1FE5B}"
EndProject
Global
	GlobalSection(SolutionConfigurationPlatforms) = preSolution
		Debug|x64 = Debug|x64
		Debug|x86 = Debug|x86
		Release|x64 = Release|x64
		Release|x86 = Release|x86
	EndGlobalSection
	GlobalSection(ProjectConfigurationPlatforms) = postSolution
		{D4F83CA0-998D-4883-A936-37CC9EE1FE5B}.Debug|x64.ActiveCfg = Debug|x64
		{D4F83CA0-998D-4883-A936-37CC9EE1FE5B}.Debug|x64.Build.0 = Debug|x64
		{D4F83CA0-998D-4883-A936-37CC9EE1FE5B}.Debug|x86.ActiveCfg = Debug|Win32
		{D4F83CA0-998D-4883-A936-37CC9EE1FE5B}.Debug|x86.Build.0 = Debug|Win32
		{D4F83CA0-998D-4883-A936-37CC9EE1FE5B}.Release|x64.ActiveCfg = Release|x64
		{D4F83CA0-998D-4883-A936-37CC9EE1FE5B}.Release|x64.Build.0 = Release|x64
		{D4F83CA0-998D-4883-A936-37CC9EE1FE5B}.Release|x86.ActiveCfg = Release|Win32
		{D4F83CA0-998D-4883-A936-37CC9EE1FE5B}.Release|x86.Build.0 = Release|Win32
	EndGlobalSection
	GlobalSection(SolutionProperties) = preSolution
		HideSolutionNode = FALSE
	EndGlobalSection
	GlobalSection(ExtensibilityGlobals) = postSolution
		SolutionGuid = {250114CC-A2CB-44E8-ABC2-0ACD1EA8A8BC}
	EndGlobalSection
EndGlobal
